<Solution>
  <Folder Name="/src/">
    <Project Path="src/VisualRelay.App/VisualRelay.App.csproj" />
    <Project Path="src/VisualRelay.Core/VisualRelay.Core.csproj" />
    <Project Path="src/VisualRelay.Domain/VisualRelay.Domain.csproj" />
  </Folder>
  <Folder Name="/tests/">
    <Project Path="tests/VisualRelay.Tests/VisualRelay.Tests.csproj" />
  </Folder>
</Solution>
